
Microsoft Visual Studio Solution File, Format Version 12.00
# Visual Studio Version 17
VisualStudioVersion = 17.9.34728.123
MinimumVisualStudioVersion = 10.0.40219.1
Project("{FAE04EC0-301F-11D3-BF4B-00C04F79EFBC}") = "FinalProject", "FinalProject\FinalProject.csproj", "{00E60D5B-66EA-4295-9AED-8B51926FC161}"
EndProject
Global
	GlobalSection(SolutionConfigurationPlatforms) = preSolution
		Debug|Any CPU = Debug|Any CPU
		Release|Any CPU = Release|Any CPU
	EndGlobalSection
	GlobalSection(ProjectConfigurationPlatforms) = postSolution
		{00E60D5B-66EA-4295-9AED-8B51926FC161}.Debug|Any CPU.ActiveCfg = Debug|Any CPU
		{00E60D5B-66EA-4295-9AED-8B51926FC161}.Debug|Any CPU.Build.0 = Debug|Any CPU
		{00E60D5B-66EA-4295-9AED-8B51926FC161}.Release|Any CPU.ActiveCfg = Release|Any CPU
		{00E60D5B-66EA-4295-9AED-8B51926FC161}.Release|Any CPU.Build.0 = Release|Any CPU
	EndGlobalSection
	GlobalSection(SolutionProperties) = preSolution
		HideSolutionNode = FALSE
	EndGlobalSection
	GlobalSection(ExtensibilityGlobals) = postSolution
		SolutionGuid = {349C7298-91DD-47AB-A6CF-67AA0FF0E569}
	EndGlobalSection
EndGlobal
